// !$*UTF8*$!
{
	archiveVersion = 1;
	classes = {
	};
	objectVersion = 48;
	objects = {

/* Begin PBXBuildFile section */
		02193B2377721D8C6608F586 /* libPods-DinQinChuanGan.a in Frameworks */ = {isa = PBXBuildFile; fileRef = 273F8BF59F656DA022A81BEB /* libPods-DinQinChuanGan.a */; };
		A20E04A22021A5C5000AB27A /* RHChoosePicViewController.m in Sources */ = {isa = PBXBuildFile; fileRef = A20E04A12021A5C5000AB27A /* RHChoosePicViewController.m */; };
		A20E04B12021B2FA000AB27A /* three.jpeg in Resources */ = {isa = PBXBuildFile; fileRef = A20E04AD2021B2F9000AB27A /* three.jpeg */; };
		A20E04B22021B2FA000AB27A /* bacimage.jpeg in Resources */ = {isa = PBXBuildFile; fileRef = A20E04AE2021B2F9000AB27A /* bacimage.jpeg */; };
		A20E04B32021B2FA000AB27A /* one.jpeg in Resources */ = {isa = PBXBuildFile; fileRef = A20E04AF2021B2F9000AB27A /* one.jpeg */; };
		A20E04B42021B2FA000AB27A /* two.jpeg in Resources */ = {isa = PBXBuildFile; fileRef = A20E04B02021B2FA000AB27A /* two.jpeg */; };
		A2112FA61FE27B5A00891A99 /* AutomateViewController.m in Sources */ = {isa = PBXBuildFile; fileRef = A2112FA51FE27B5A00891A99 /* AutomateViewController.m */; };
		A2112FA91FE27B6A00891A99 /* RHControlViewController.m in Sources */ = {isa = PBXBuildFile; fileRef = A2112FA81FE27B6A00891A99 /* RHControlViewController.m */; };
		A212BDD420085A9000C3941B /* RHAddPlaceViewController.m in Sources */ = {isa = PBXBuildFile; fileRef = A212BDD320085A9000C3941B /* RHAddPlaceViewController.m */; };
		A21EA84B1FFDCD2C00AC1C8B /* RHProveViewController.m in Sources */ = {isa = PBXBuildFile; fileRef = A21EA84A1FFDCD2C00AC1C8B /* RHProveViewController.m */; };
		A222B09420524DB600B0DB6E /* RHJudgeMethod.m in Sources */ = {isa = PBXBuildFile; fileRef = A222B09320524DB600B0DB6E /* RHJudgeMethod.m */; };
		A222B09720526D7800B0DB6E /* RHAccConViewController.m in Sources */ = {isa = PBXBuildFile; fileRef = A222B09620526D7800B0DB6E /* RHAccConViewController.m */; };
		A22F8C9620119BA3008CC997 /* RHPlaceMessageViewController.m in Sources */ = {isa = PBXBuildFile; fileRef = A22F8C9520119BA3008CC997 /* RHPlaceMessageViewController.m */; };
		A236EA361FF4BC8100063DFC /* RHSignInViewController.m in Sources */ = {isa = PBXBuildFile; fileRef = A236EA351FF4BC8100063DFC /* RHSignInViewController.m */; };
		A23ECB0E2022B22200FA6797 /* RHAreaContentViewController.m in Sources */ = {isa = PBXBuildFile; fileRef = A23ECB0D2022B22200FA6797 /* RHAreaContentViewController.m */; };
		A243B3D92050CD6B00975E86 /* RHAccountBDViewController.m in Sources */ = {isa = PBXBuildFile; fileRef = A243B3D82050CD6B00975E86 /* RHAccountBDViewController.m */; };
		A243B3DF2050DDCD00975E86 /* RHAccountBTableViewCell.m in Sources */ = {isa = PBXBuildFile; fileRef = A243B3DE2050DDCD00975E86 /* RHAccountBTableViewCell.m */; };
		A24990221FE8EBB9004B046F /* ControlTableViewCell.m in Sources */ = {isa = PBXBuildFile; fileRef = A24990211FE8EBB9004B046F /* ControlTableViewCell.m */; };
		A25732ED202010AF00C9CC6D /* RHAddAreaViewController.m in Sources */ = {isa = PBXBuildFile; fileRef = A25732EC202010AF00C9CC6D /* RHAddAreaViewController.m */; };
		A25D34DE1FEB60CC00CED82A /* ControlCollectionViewCell.m in Sources */ = {isa = PBXBuildFile; fileRef = A25D34DD1FEB60CC00CED82A /* ControlCollectionViewCell.m */; };
		A25DC9F62049255A002504B0 /* RHEquipMessageViewController.m in Sources */ = {isa = PBXBuildFile; fileRef = A25DC9F52049255A002504B0 /* RHEquipMessageViewController.m */; };
		A2601C3F2056275500169306 /* RHBandEmilViewController.m in Sources */ = {isa = PBXBuildFile; fileRef = A2601C3E2056275500169306 /* RHBandEmilViewController.m */; };
		A262ECB81FE7C47B00B55454 /* WRNavigationBar.m in Sources */ = {isa = PBXBuildFile; fileRef = A262ECB41FE7C47B00B55454 /* WRNavigationBar.m */; };
		A262ECB91FE7C47B00B55454 /* WRCustomNavigationBar.m in Sources */ = {isa = PBXBuildFile; fileRef = A262ECB71FE7C47B00B55454 /* WRCustomNavigationBar.m */; };
		A263CA28204F8A7D00046CF6 /* RHChangePWViewController.m in Sources */ = {isa = PBXBuildFile; fileRef = A263CA27204F8A7D00046CF6 /* RHChangePWViewController.m */; };
		A2684A992005FABA00EC8339 /* RHMyPlaceViewController.m in Sources */ = {isa = PBXBuildFile; fileRef = A2684A982005FABA00EC8339 /* RHMyPlaceViewController.m */; };
		A26DD0A22059128000AEF439 /* RHEquipMentTableViewCell.m in Sources */ = {isa = PBXBuildFile; fileRef = A26DD0A12059128000AEF439 /* RHEquipMentTableViewCell.m */; };
		A2ABF551204E785800CCA981 /* RHEquipStandardViewController.m in Sources */ = {isa = PBXBuildFile; fileRef = A2ABF550204E785800CCA981 /* RHEquipStandardViewController.m */; };
		A2ABF554204E87C100CCA981 /* RHForgotPWViewController.m in Sources */ = {isa = PBXBuildFile; fileRef = A2ABF553204E87C100CCA981 /* RHForgotPWViewController.m */; };
		A2BB686C1FF242B100EB2246 /* RHRightBarButtonItemViewController.m in Sources */ = {isa = PBXBuildFile; fileRef = A2BB686B1FF242B100EB2246 /* RHRightBarButtonItemViewController.m */; };
		A2BBDF5A1FF3985F00CCE9DF /* cat.jpg in Resources */ = {isa = PBXBuildFile; fileRef = A2BBDF591FF3985F00CCE9DF /* cat.jpg */; };
		A2C45B762024660B00387B6D /* RHDfaultImageViewController.m in Sources */ = {isa = PBXBuildFile; fileRef = A2C45B752024660B00387B6D /* RHDfaultImageViewController.m */; };
		A2CEDC031FFF669D009A9CF9 /* RHAmendPassWViewController.m in Sources */ = {isa = PBXBuildFile; fileRef = A2CEDC021FFF669D009A9CF9 /* RHAmendPassWViewController.m */; };
		A2D06E341FFC74EF004FB3E4 /* RHBindAccViewController.m in Sources */ = {isa = PBXBuildFile; fileRef = A2D06E331FFC74EF004FB3E4 /* RHBindAccViewController.m */; };
		A2E3D1C220074E180076D624 /* RHMyAreaViewController.m in Sources */ = {isa = PBXBuildFile; fileRef = A2E3D1C120074E180076D624 /* RHMyAreaViewController.m */; };
		A2E3D1C520076F260076D624 /* RHMyEquipmentViewController.m in Sources */ = {isa = PBXBuildFile; fileRef = A2E3D1C420076F260076D624 /* RHMyEquipmentViewController.m */; };
		A2E3D1C820076F400076D624 /* RHMyWarningViewController.m in Sources */ = {isa = PBXBuildFile; fileRef = A2E3D1C720076F400076D624 /* RHMyWarningViewController.m */; };
		A2EAA5452057B4DB00E7C89F /* RHMoveToViewController.m in Sources */ = {isa = PBXBuildFile; fileRef = A2EAA5442057B4DB00E7C89F /* RHMoveToViewController.m */; };
		A2EB2D2C1FE20FCB00B87825 /* AppDelegate.m in Sources */ = {isa = PBXBuildFile; fileRef = A2EB2D2B1FE20FCB00B87825 /* AppDelegate.m */; };
		A2EB2D2F1FE20FCB00B87825 /* ShujuViewController.m in Sources */ = {isa = PBXBuildFile; fileRef = A2EB2D2E1FE20FCB00B87825 /* ShujuViewController.m */; };
		A2EB2D321FE20FCB00B87825 /* Main.storyboard in Resources */ = {isa = PBXBuildFile; fileRef = A2EB2D301FE20FCB00B87825 /* Main.storyboard */; };
		A2EB2D341FE20FCB00B87825 /* Assets.xcassets in Resources */ = {isa = PBXBuildFile; fileRef = A2EB2D331FE20FCB00B87825 /* Assets.xcassets */; };
		A2EB2D371FE20FCB00B87825 /* LaunchScreen.storyboard in Resources */ = {isa = PBXBuildFile; fileRef = A2EB2D351FE20FCB00B87825 /* LaunchScreen.storyboard */; };
		A2EB2D3A1FE20FCB00B87825 /* main.m in Sources */ = {isa = PBXBuildFile; fileRef = A2EB2D391FE20FCB00B87825 /* main.m */; };
/* End PBXBuildFile section */

/* Begin PBXFileReference section */
		273F8BF59F656DA022A81BEB /* libPods-DinQinChuanGan.a */ = {isa = PBXFileReference; explicitFileType = archive.ar; includeInIndex = 0; path = "libPods-DinQinChuanGan.a"; sourceTree = BUILT_PRODUCTS_DIR; };
		A20E04A02021A5C5000AB27A /* RHChoosePicViewController.h */ = {isa = PBXFileReference; lastKnownFileType = sourcecode.c.h; path = RHChoosePicViewController.h; sourceTree = "<group>"; };
		A20E04A12021A5C5000AB27A /* RHChoosePicViewController.m */ = {isa = PBXFileReference; lastKnownFileType = sourcecode.c.objc; path = RHChoosePicViewController.m; sourceTree = "<group>"; };
		A20E04AD2021B2F9000AB27A /* three.jpeg */ = {isa = PBXFileReference; lastKnownFileType = image.jpeg; name = three.jpeg; path = ImagePictures/three.jpeg; sourceTree = "<group>"; };
		A20E04AE2021B2F9000AB27A /* bacimage.jpeg */ = {isa = PBXFileReference; lastKnownFileType = image.jpeg; name = bacimage.jpeg; path = ImagePictures/bacimage.jpeg; sourceTree = "<group>"; };
		A20E04AF2021B2F9000AB27A /* one.jpeg */ = {isa = PBXFileReference; lastKnownFileType = image.jpeg; name = one.jpeg; path = ImagePictures/one.jpeg; sourceTree = "<group>"; };
		A20E04B02021B2FA000AB27A /* two.jpeg */ = {isa = PBXFileReference; lastKnownFileType = image.jpeg; name = two.jpeg; path = ImagePictures/two.jpeg; sourceTree = "<group>"; };
		A2112FA41FE27B5A00891A99 /* AutomateViewController.h */ = {isa = PBXFileReference; lastKnownFileType = sourcecode.c.h; path = AutomateViewController.h; sourceTree = "<group>"; };
		A2112FA51FE27B5A00891A99 /* AutomateViewController.m */ = {isa = PBXFileReference; lastKnownFileType = sourcecode.c.objc; path = AutomateViewController.m; sourceTree = "<group>"; };
		A2112FA71FE27B6A00891A99 /* RHControlViewController.h */ = {isa = PBXFileReference; lastKnownFileType = sourcecode.c.h; path = RHControlViewController.h; sourceTree = "<group>"; };
		A2112FA81FE27B6A00891A99 /* RHControlViewController.m */ = {isa = PBXFileReference; lastKnownFileType = sourcecode.c.objc; path = RHControlViewController.m; sourceTree = "<group>"; };
		A212BDD220085A9000C3941B /* RHAddPlaceViewController.h */ = {isa = PBXFileReference; lastKnownFileType = sourcecode.c.h; path = RHAddPlaceViewController.h; sourceTree = "<group>"; };
		A212BDD320085A9000C3941B /* RHAddPlaceViewController.m */ = {isa = PBXFileReference; lastKnownFileType = sourcecode.c.objc; path = RHAddPlaceViewController.m; sourceTree = "<group>"; };
		A21EA8491FFDCD2C00AC1C8B /* RHProveViewController.h */ = {isa = PBXFileReference; lastKnownFileType = sourcecode.c.h; path = RHProveViewController.h; sourceTree = "<group>"; };
		A21EA84A1FFDCD2C00AC1C8B /* RHProveViewController.m */ = {isa = PBXFileReference; lastKnownFileType = sourcecode.c.objc; path = RHProveViewController.m; sourceTree = "<group>"; };
		A222B09220524DB600B0DB6E /* RHJudgeMethod.h */ = {isa = PBXFileReference; lastKnownFileType = sourcecode.c.h; path = RHJudgeMethod.h; sourceTree = "<group>"; };
		A222B09320524DB600B0DB6E /* RHJudgeMethod.m */ = {isa = PBXFileReference; lastKnownFileType = sourcecode.c.objc; path = RHJudgeMethod.m; sourceTree = "<group>"; };
		A222B09520526D7800B0DB6E /* RHAccConViewController.h */ = {isa = PBXFileReference; lastKnownFileType = sourcecode.c.h; path = RHAccConViewController.h; sourceTree = "<group>"; };
		A222B09620526D7800B0DB6E /* RHAccConViewController.m */ = {isa = PBXFileReference; lastKnownFileType = sourcecode.c.objc; path = RHAccConViewController.m; sourceTree = "<group>"; };
		A22F8C9420119BA3008CC997 /* RHPlaceMessageViewController.h */ = {isa = PBXFileReference; lastKnownFileType = sourcecode.c.h; path = RHPlaceMessageViewController.h; sourceTree = "<group>"; };
		A22F8C9520119BA3008CC997 /* RHPlaceMessageViewController.m */ = {isa = PBXFileReference; lastKnownFileType = sourcecode.c.objc; path = RHPlaceMessageViewController.m; sourceTree = "<group>"; };
		A236EA341FF4BC8100063DFC /* RHSignInViewController.h */ = {isa = PBXFileReference; lastKnownFileType = sourcecode.c.h; path = RHSignInViewController.h; sourceTree = "<group>"; };
		A236EA351FF4BC8100063DFC /* RHSignInViewController.m */ = {isa = PBXFileReference; lastKnownFileType = sourcecode.c.objc; path = RHSignInViewController.m; sourceTree = "<group>"; };
		A23ECB0C2022B22200FA6797 /* RHAreaContentViewController.h */ = {isa = PBXFileReference; lastKnownFileType = sourcecode.c.h; path = RHAreaContentViewController.h; sourceTree = "<group>"; };
		A23ECB0D2022B22200FA6797 /* RHAreaContentViewController.m */ = {isa = PBXFileReference; lastKnownFileType = sourcecode.c.objc; path = RHAreaContentViewController.m; sourceTree = "<group>"; };
		A243B3D72050CD6B00975E86 /* RHAccountBDViewController.h */ = {isa = PBXFileReference; lastKnownFileType = sourcecode.c.h; path = RHAccountBDViewController.h; sourceTree = "<group>"; };
		A243B3D82050CD6B00975E86 /* RHAccountBDViewController.m */ = {isa = PBXFileReference; lastKnownFileType = sourcecode.c.objc; path = RHAccountBDViewController.m; sourceTree = "<group>"; };
		A243B3DD2050DDCD00975E86 /* RHAccountBTableViewCell.h */ = {isa = PBXFileReference; lastKnownFileType = sourcecode.c.h; path = RHAccountBTableViewCell.h; sourceTree = "<group>"; };
		A243B3DE2050DDCD00975E86 /* RHAccountBTableViewCell.m */ = {isa = PBXFileReference; lastKnownFileType = sourcecode.c.objc; path = RHAccountBTableViewCell.m; sourceTree = "<group>"; };
		A24990201FE8EBB9004B046F /* ControlTableViewCell.h */ = {isa = PBXFileReference; lastKnownFileType = sourcecode.c.h; path = ControlTableViewCell.h; sourceTree = "<group>"; };
		A24990211FE8EBB9004B046F /* ControlTableViewCell.m */ = {isa = PBXFileReference; lastKnownFileType = sourcecode.c.objc; path = ControlTableViewCell.m; sourceTree = "<group>"; };
		A24990271FE911CF004B046F /* Header.h */ = {isa = PBXFileReference; lastKnownFileType = sourcecode.c.h; path = Header.h; sourceTree = "<group>"; };
		A25732EB202010AF00C9CC6D /* RHAddAreaViewController.h */ = {isa = PBXFileReference; lastKnownFileType = sourcecode.c.h; path = RHAddAreaViewController.h; sourceTree = "<group>"; };
		A25732EC202010AF00C9CC6D /* RHAddAreaViewController.m */ = {isa = PBXFileReference; lastKnownFileType = sourcecode.c.objc; path = RHAddAreaViewController.m; sourceTree = "<group>"; };
		A25D34DC1FEB60CC00CED82A /* ControlCollectionViewCell.h */ = {isa = PBXFileReference; lastKnownFileType = sourcecode.c.h; path = ControlCollectionViewCell.h; sourceTree = "<group>"; };
		A25D34DD1FEB60CC00CED82A /* ControlCollectionViewCell.m */ = {isa = PBXFileReference; lastKnownFileType = sourcecode.c.objc; path = ControlCollectionViewCell.m; sourceTree = "<group>"; };
		A25DC9F42049255A002504B0 /* RHEquipMessageViewController.h */ = {isa = PBXFileReference; lastKnownFileType = sourcecode.c.h; path = RHEquipMessageViewController.h; sourceTree = "<group>"; };
		A25DC9F52049255A002504B0 /* RHEquipMessageViewController.m */ = {isa = PBXFileReference; lastKnownFileType = sourcecode.c.objc; path = RHEquipMessageViewController.m; sourceTree = "<group>"; };
		A2601C3D2056275500169306 /* RHBandEmilViewController.h */ = {isa = PBXFileReference; lastKnownFileType = sourcecode.c.h; path = RHBandEmilViewController.h; sourceTree = "<group>"; };
		A2601C3E2056275500169306 /* RHBandEmilViewController.m */ = {isa = PBXFileReference; lastKnownFileType = sourcecode.c.objc; path = RHBandEmilViewController.m; sourceTree = "<group>"; };
		A262ECB41FE7C47B00B55454 /* WRNavigationBar.m */ = {isa = PBXFileReference; fileEncoding = 4; lastKnownFileType = sourcecode.c.objc; path = WRNavigationBar.m; sourceTree = "<group>"; };
		A262ECB51FE7C47B00B55454 /* WRCustomNavigationBar.h */ = {isa = PBXFileReference; fileEncoding = 4; lastKnownFileType = sourcecode.c.h; path = WRCustomNavigationBar.h; sourceTree = "<group>"; };
		A262ECB61FE7C47B00B55454 /* WRNavigationBar.h */ = {isa = PBXFileReference; fileEncoding = 4; lastKnownFileType = sourcecode.c.h; path = WRNavigationBar.h; sourceTree = "<group>"; };
		A262ECB71FE7C47B00B55454 /* WRCustomNavigationBar.m */ = {isa = PBXFileReference; fileEncoding = 4; lastKnownFileType = sourcecode.c.objc; path = WRCustomNavigationBar.m; sourceTree = "<group>"; };
		A263CA26204F8A7D00046CF6 /* RHChangePWViewController.h */ = {isa = PBXFileReference; lastKnownFileType = sourcecode.c.h; path = RHChangePWViewController.h; sourceTree = "<group>"; };
		A263CA27204F8A7D00046CF6 /* RHChangePWViewController.m */ = {isa = PBXFileReference; lastKnownFileType = sourcecode.c.objc; path = RHChangePWViewController.m; sourceTree = "<group>"; };
		A2684A972005FABA00EC8339 /* RHMyPlaceViewController.h */ = {isa = PBXFileReference; lastKnownFileType = sourcecode.c.h; path = RHMyPlaceViewController.h; sourceTree = "<group>"; };
		A2684A982005FABA00EC8339 /* RHMyPlaceViewController.m */ = {isa = PBXFileReference; lastKnownFileType = sourcecode.c.objc; path = RHMyPlaceViewController.m; sourceTree = "<group>"; };
		A26DD0A02059128000AEF439 /* RHEquipMentTableViewCell.h */ = {isa = PBXFileReference; lastKnownFileType = sourcecode.c.h; path = RHEquipMentTableViewCell.h; sourceTree = "<group>"; };
		A26DD0A12059128000AEF439 /* RHEquipMentTableViewCell.m */ = {isa = PBXFileReference; lastKnownFileType = sourcecode.c.objc; path = RHEquipMentTableViewCell.m; sourceTree = "<group>"; };
		A2ABF54F204E785800CCA981 /* RHEquipStandardViewController.h */ = {isa = PBXFileReference; lastKnownFileType = sourcecode.c.h; path = RHEquipStandardViewController.h; sourceTree = "<group>"; };
		A2ABF550204E785800CCA981 /* RHEquipStandardViewController.m */ = {isa = PBXFileReference; lastKnownFileType = sourcecode.c.objc; path = RHEquipStandardViewController.m; sourceTree = "<group>"; };
		A2ABF552204E87C100CCA981 /* RHForgotPWViewController.h */ = {isa = PBXFileReference; lastKnownFileType = sourcecode.c.h; path = RHForgotPWViewController.h; sourceTree = "<group>"; };
		A2ABF553204E87C100CCA981 /* RHForgotPWViewController.m */ = {isa = PBXFileReference; lastKnownFileType = sourcecode.c.objc; path = RHForgotPWViewController.m; sourceTree = "<group>"; };
		A2BB686A1FF242B100EB2246 /* RHRightBarButtonItemViewController.h */ = {isa = PBXFileReference; lastKnownFileType = sourcecode.c.h; path = RHRightBarButtonItemViewController.h; sourceTree = "<group>"; };
		A2BB686B1FF242B100EB2246 /* RHRightBarButtonItemViewController.m */ = {isa = PBXFileReference; lastKnownFileType = sourcecode.c.objc; path = RHRightBarButtonItemViewController.m; sourceTree = "<group>"; };
		A2BBDF591FF3985F00CCE9DF /* cat.jpg */ = {isa = PBXFileReference; lastKnownFileType = image.jpeg; path = cat.jpg; sourceTree = "<group>"; };
		A2C45B742024660B00387B6D /* RHDfaultImageViewController.h */ = {isa = PBXFileReference; lastKnownFileType = sourcecode.c.h; path = RHDfaultImageViewController.h; sourceTree = "<group>"; };
		A2C45B752024660B00387B6D /* RHDfaultImageViewController.m */ = {isa = PBXFileReference; lastKnownFileType = sourcecode.c.objc; path = RHDfaultImageViewController.m; sourceTree = "<group>"; };
		A2CEDC011FFF669D009A9CF9 /* RHAmendPassWViewController.h */ = {isa = PBXFileReference; lastKnownFileType = sourcecode.c.h; path = RHAmendPassWViewController.h; sourceTree = "<group>"; };
		A2CEDC021FFF669D009A9CF9 /* RHAmendPassWViewController.m */ = {isa = PBXFileReference; lastKnownFileType = sourcecode.c.objc; path = RHAmendPassWViewController.m; sourceTree = "<group>"; };
		A2D06E321FFC74EF004FB3E4 /* RHBindAccViewController.h */ = {isa = PBXFileReference; lastKnownFileType = sourcecode.c.h; path = RHBindAccViewController.h; sourceTree = "<group>"; };
		A2D06E331FFC74EF004FB3E4 /* RHBindAccViewController.m */ = {isa = PBXFileReference; lastKnownFileType = sourcecode.c.objc; path = RHBindAccViewController.m; sourceTree = "<group>"; };
		A2E3D1C020074E180076D624 /* RHMyAreaViewController.h */ = {isa = PBXFileReference; lastKnownFileType = sourcecode.c.h; path = RHMyAreaViewController.h; sourceTree = "<group>"; };
		A2E3D1C120074E180076D624 /* RHMyAreaViewController.m */ = {isa = PBXFileReference; lastKnownFileType = sourcecode.c.objc; path = RHMyAreaViewController.m; sourceTree = "<group>"; };
		A2E3D1C320076F260076D624 /* RHMyEquipmentViewController.h */ = {isa = PBXFileReference; lastKnownFileType = sourcecode.c.h; path = RHMyEquipmentViewController.h; sourceTree = "<group>"; };
		A2E3D1C420076F260076D624 /* RHMyEquipmentViewController.m */ = {isa = PBXFileReference; lastKnownFileType = sourcecode.c.objc; path = RHMyEquipmentViewController.m; sourceTree = "<group>"; };
		A2E3D1C620076F400076D624 /* RHMyWarningViewController.h */ = {isa = PBXFileReference; lastKnownFileType = sourcecode.c.h; path = RHMyWarningViewController.h; sourceTree = "<group>"; };
		A2E3D1C720076F400076D624 /* RHMyWarningViewController.m */ = {isa = PBXFileReference; lastKnownFileType = sourcecode.c.objc; path = RHMyWarningViewController.m; sourceTree = "<group>"; };
		A2EAA5432057B4DB00E7C89F /* RHMoveToViewController.h */ = {isa = PBXFileReference; lastKnownFileType = sourcecode.c.h; path = RHMoveToViewController.h; sourceTree = "<group>"; };
		A2EAA5442057B4DB00E7C89F /* RHMoveToViewController.m */ = {isa = PBXFileReference; lastKnownFileType = sourcecode.c.objc; path = RHMoveToViewController.m; sourceTree = "<group>"; };
		A2EB2D271FE20FCB00B87825 /* DinQinChuanGan.app */ = {isa = PBXFileReference; explicitFileType = wrapper.application; includeInIndex = 0; path = DinQinChuanGan.app; sourceTree = BUILT_PRODUCTS_DIR; };
		A2EB2D2A1FE20FCB00B87825 /* AppDelegate.h */ = {isa = PBXFileReference; lastKnownFileType = sourcecode.c.h; path = AppDelegate.h; sourceTree = "<group>"; };
		A2EB2D2B1FE20FCB00B87825 /* AppDelegate.m */ = {isa = PBXFileReference; lastKnownFileType = sourcecode.c.objc; path = AppDelegate.m; sourceTree = "<group>"; };
		A2EB2D2D1FE20FCB00B87825 /* ShujuViewController.h */ = {isa = PBXFileReference; lastKnownFileType = sourcecode.c.h; path = ShujuViewController.h; sourceTree = "<group>"; };
		A2EB2D2E1FE20FCB00B87825 /* ShujuViewController.m */ = {isa = PBXFileReference; lastKnownFileType = sourcecode.c.objc; path = ShujuViewController.m; sourceTree = "<group>"; };
		A2EB2D311FE20FCB00B87825 /* Base */ = {isa = PBXFileReference; lastKnownFileType = file.storyboard; name = Base; path = Base.lproj/Main.storyboard; sourceTree = "<group>"; };
		A2EB2D331FE20FCB00B87825 /* Assets.xcassets */ = {isa = PBXFileReference; lastKnownFileType = folder.assetcatalog; path = Assets.xcassets; sourceTree = "<group>"; };
		A2EB2D361FE20FCB00B87825 /* Base */ = {isa = PBXFileReference; lastKnownFileType = file.storyboard; name = Base; path = Base.lproj/LaunchScreen.storyboard; sourceTree = "<group>"; };
		A2EB2D381FE20FCB00B87825 /* Info.plist */ = {isa = PBXFileReference; lastKnownFileType = text.plist.xml; path = Info.plist; sourceTree = "<group>"; };
		A2EB2D391FE20FCB00B87825 /* main.m */ = {isa = PBXFileReference; lastKnownFileType = sourcecode.c.objc; path = main.m; sourceTree = "<group>"; };
		DF35EC4D0E54DC8EDEFE12CE /* Pods-DinQinChuanGan.debug.xcconfig */ = {isa = PBXFileReference; includeInIndex = 1; lastKnownFileType = text.xcconfig; name = "Pods-DinQinChuanGan.debug.xcconfig"; path = "Pods/Target Support Files/Pods-DinQinChuanGan/Pods-DinQinChuanGan.debug.xcconfig"; sourceTree = "<group>"; };
		EF90125198D4604D8FE41545 /* Pods-DinQinChuanGan.release.xcconfig */ = {isa = PBXFileReference; includeInIndex = 1; lastKnownFileType = text.xcconfig; name = "Pods-DinQinChuanGan.release.xcconfig"; path = "Pods/Target Support Files/Pods-DinQinChuanGan/Pods-DinQinChuanGan.release.xcconfig"; sourceTree = "<group>"; };
/* End PBXFileReference section */

/* Begin PBXFrameworksBuildPhase section */
		A2EB2D241FE20FCB00B87825 /* Frameworks */ = {
			isa = PBXFrameworksBuildPhase;
			buildActionMask = 2147483647;
			files = (
				02193B2377721D8C6608F586 /* libPods-DinQinChuanGan.a in Frameworks */,
			);
			runOnlyForDeploymentPostprocessing = 0;
		};
/* End PBXFrameworksBuildPhase section */

/* Begin PBXGroup section */
		1F0B5BD46A61074C8B91DA8F /* Frameworks */ = {
			isa = PBXGroup;
			children = (
				273F8BF59F656DA022A81BEB /* libPods-DinQinChuanGan.a */,
			);
			name = Frameworks;
			sourceTree = "<group>";
		};
		5E70592F1314D824114615E7 /* Pods */ = {
			isa = PBXGroup;
			children = (
				DF35EC4D0E54DC8EDEFE12CE /* Pods-DinQinChuanGan.debug.xcconfig */,
				EF90125198D4604D8FE41545 /* Pods-DinQinChuanGan.release.xcconfig */,
			);
			name = Pods;
			sourceTree = "<group>";
		};
		A2112F0F1FE24BD600891A99 /* TheHelpSDK */ = {
			isa = PBXGroup;
			children = (
				A262ECB31FE7C47B00B55454 /* WRNavigationBar */,
				A222B09220524DB600B0DB6E /* RHJudgeMethod.h */,
				A222B09320524DB600B0DB6E /* RHJudgeMethod.m */,
			);
			path = TheHelpSDK;
			sourceTree = "<group>";
		};
		A24990231FE8EBF2004B046F /* Control */ = {
			isa = PBXGroup;
			children = (
				A2684A882005F20F00EC8339 /* RHControlVC */,
				A2684A8A2005F2B000EC8339 /* RHSetAndQRcode */,
				A2684A892005F26500EC8339 /* RHSignIn */,
				A2684A8B2005F57700EC8339 /* RHFunction */,
			);
			path = Control;
			sourceTree = "<group>";
		};
		A24990241FE8EC68004B046F /* Shuju */ = {
			isa = PBXGroup;
			children = (
				A2EB2D2D1FE20FCB00B87825 /* ShujuViewController.h */,
				A2EB2D2E1FE20FCB00B87825 /* ShujuViewController.m */,
			);
			path = Shuju;
			sourceTree = "<group>";
		};
		A24990251FE8EC77004B046F /* Automate */ = {
			isa = PBXGroup;
			children = (
				A2112FA41FE27B5A00891A99 /* AutomateViewController.h */,
				A2112FA51FE27B5A00891A99 /* AutomateViewController.m */,
			);
			path = Automate;
			sourceTree = "<group>";
		};
		A24990261FE8EC8C004B046F /* AppDelegate */ = {
			isa = PBXGroup;
			children = (
				A2EB2D2A1FE20FCB00B87825 /* AppDelegate.h */,
				A2EB2D2B1FE20FCB00B87825 /* AppDelegate.m */,
			);
			path = AppDelegate;
			sourceTree = "<group>";
		};
		A262ECB31FE7C47B00B55454 /* WRNavigationBar */ = {
			isa = PBXGroup;
			children = (
				A262ECB51FE7C47B00B55454 /* WRCustomNavigationBar.h */,
				A262ECB71FE7C47B00B55454 /* WRCustomNavigationBar.m */,
				A262ECB61FE7C47B00B55454 /* WRNavigationBar.h */,
				A262ECB41FE7C47B00B55454 /* WRNavigationBar.m */,
			);
			path = WRNavigationBar;
			sourceTree = "<group>";
		};
		A2684A882005F20F00EC8339 /* RHControlVC */ = {
			isa = PBXGroup;
			children = (
				A2112FA71FE27B6A00891A99 /* RHControlViewController.h */,
				A2112FA81FE27B6A00891A99 /* RHControlViewController.m */,
			);
			path = RHControlVC;
			sourceTree = "<group>";
		};
		A2684A892005F26500EC8339 /* RHSignIn */ = {
			isa = PBXGroup;
			children = (
				A236EA341FF4BC8100063DFC /* RHSignInViewController.h */,
				A236EA351FF4BC8100063DFC /* RHSignInViewController.m */,
				A2D06E321FFC74EF004FB3E4 /* RHBindAccViewController.h */,
				A2D06E331FFC74EF004FB3E4 /* RHBindAccViewController.m */,
				A21EA8491FFDCD2C00AC1C8B /* RHProveViewController.h */,
				A21EA84A1FFDCD2C00AC1C8B /* RHProveViewController.m */,
				A2ABF552204E87C100CCA981 /* RHForgotPWViewController.h */,
				A2ABF553204E87C100CCA981 /* RHForgotPWViewController.m */,
				A263CA26204F8A7D00046CF6 /* RHChangePWViewController.h */,
				A263CA27204F8A7D00046CF6 /* RHChangePWViewController.m */,
			);
			path = RHSignIn;
			sourceTree = "<group>";
		};
		A2684A8A2005F2B000EC8339 /* RHSetAndQRcode */ = {
			isa = PBXGroup;
			children = (
				A2BB686A1FF242B100EB2246 /* RHRightBarButtonItemViewController.h */,
				A2BB686B1FF242B100EB2246 /* RHRightBarButtonItemViewController.m */,
				A2CEDC011FFF669D009A9CF9 /* RHAmendPassWViewController.h */,
				A2CEDC021FFF669D009A9CF9 /* RHAmendPassWViewController.m */,
				A243B3D72050CD6B00975E86 /* RHAccountBDViewController.h */,
				A243B3D82050CD6B00975E86 /* RHAccountBDViewController.m */,
				A243B3DD2050DDCD00975E86 /* RHAccountBTableViewCell.h */,
				A243B3DE2050DDCD00975E86 /* RHAccountBTableViewCell.m */,
				A222B09520526D7800B0DB6E /* RHAccConViewController.h */,
				A222B09620526D7800B0DB6E /* RHAccConViewController.m */,
				A2601C3D2056275500169306 /* RHBandEmilViewController.h */,
				A2601C3E2056275500169306 /* RHBandEmilViewController.m */,
			);
			path = RHSetAndQRcode;
			sourceTree = "<group>";
		};
		A2684A8B2005F57700EC8339 /* RHFunction */ = {
			isa = PBXGroup;
			children = (
				A2684A8E2005F74300EC8339 /* Function */,
				A2684A8C2005F60600EC8339 /* RHMyPlace */,
				A2684A8D2005F6DC00EC8339 /* RHMyArea */,
				A2684A8F2005F78800EC8339 /* RHMyEquipment */,
				A2684A902005F7AD00EC8339 /* RHMyWarning */,
				A2684A912005F7C600EC8339 /* RHMyRepair */,
				A2684A922005F7D600EC8339 /* RHMyTips */,
				A2684A932005F7F400EC8339 /* RHMyAccountCon */,
				A2684A942005F80900EC8339 /* RHMyMessage */,
				A2684A952005F81400EC8339 /* RHMyHelp */,
				A2684A962005F83C00EC8339 /* RHMyMarket */,
			);
			path = RHFunction;
			sourceTree = "<group>";
		};
		A2684A8C2005F60600EC8339 /* RHMyPlace */ = {
			isa = PBXGroup;
			children = (
				A2684A972005FABA00EC8339 /* RHMyPlaceViewController.h */,
				A2684A982005FABA00EC8339 /* RHMyPlaceViewController.m */,
				A22F8C9420119BA3008CC997 /* RHPlaceMessageViewController.h */,
				A22F8C9520119BA3008CC997 /* RHPlaceMessageViewController.m */,
				A212BDD220085A9000C3941B /* RHAddPlaceViewController.h */,
				A212BDD320085A9000C3941B /* RHAddPlaceViewController.m */,
			);
			path = RHMyPlace;
			sourceTree = "<group>";
		};
		A2684A8D2005F6DC00EC8339 /* RHMyArea */ = {
			isa = PBXGroup;
			children = (
				A2E3D1C020074E180076D624 /* RHMyAreaViewController.h */,
				A2E3D1C120074E180076D624 /* RHMyAreaViewController.m */,
				A23ECB0C2022B22200FA6797 /* RHAreaContentViewController.h */,
				A23ECB0D2022B22200FA6797 /* RHAreaContentViewController.m */,
				A2EAA5432057B4DB00E7C89F /* RHMoveToViewController.h */,
				A2EAA5442057B4DB00E7C89F /* RHMoveToViewController.m */,
				A25732EB202010AF00C9CC6D /* RHAddAreaViewController.h */,
				A25732EC202010AF00C9CC6D /* RHAddAreaViewController.m */,
				A20E04A02021A5C5000AB27A /* RHChoosePicViewController.h */,
				A20E04A12021A5C5000AB27A /* RHChoosePicViewController.m */,
				A2C45B742024660B00387B6D /* RHDfaultImageViewController.h */,
				A2C45B752024660B00387B6D /* RHDfaultImageViewController.m */,
			);
			path = RHMyArea;
			sourceTree = "<group>";
		};
		A2684A8E2005F74300EC8339 /* Function */ = {
			isa = PBXGroup;
			children = (
				A24990201FE8EBB9004B046F /* ControlTableViewCell.h */,
				A24990211FE8EBB9004B046F /* ControlTableViewCell.m */,
				A25D34DC1FEB60CC00CED82A /* ControlCollectionViewCell.h */,
				A25D34DD1FEB60CC00CED82A /* ControlCollectionViewCell.m */,
			);
			path = Function;
			sourceTree = "<group>";
		};
		A2684A8F2005F78800EC8339 /* RHMyEquipment */ = {
			isa = PBXGroup;
			children = (
				A2E3D1C320076F260076D624 /* RHMyEquipmentViewController.h */,
				A2E3D1C420076F260076D624 /* RHMyEquipmentViewController.m */,
				A26DD0A02059128000AEF439 /* RHEquipMentTableViewCell.h */,
				A26DD0A12059128000AEF439 /* RHEquipMentTableViewCell.m */,
				A25DC9F42049255A002504B0 /* RHEquipMessageViewController.h */,
				A25DC9F52049255A002504B0 /* RHEquipMessageViewController.m */,
				A2ABF54F204E785800CCA981 /* RHEquipStandardViewController.h */,
				A2ABF550204E785800CCA981 /* RHEquipStandardViewController.m */,
			);
			path = RHMyEquipment;
			sourceTree = "<group>";
		};
		A2684A902005F7AD00EC8339 /* RHMyWarning */ = {
			isa = PBXGroup;
			children = (
				A2E3D1C620076F400076D624 /* RHMyWarningViewController.h */,
				A2E3D1C720076F400076D624 /* RHMyWarningViewController.m */,
			);
			path = RHMyWarning;
			sourceTree = "<group>";
		};
		A2684A912005F7C600EC8339 /* RHMyRepair */ = {
			isa = PBXGroup;
			children = (
			);
			path = RHMyRepair;
			sourceTree = "<group>";
		};
		A2684A922005F7D600EC8339 /* RHMyTips */ = {
			isa = PBXGroup;
			children = (
			);
			path = RHMyTips;
			sourceTree = "<group>";
		};
		A2684A932005F7F400EC8339 /* RHMyAccountCon */ = {
			isa = PBXGroup;
			children = (
			);
			path = RHMyAccountCon;
			sourceTree = "<group>";
		};
		A2684A942005F80900EC8339 /* RHMyMessage */ = {
			isa = PBXGroup;
			children = (
			);
			path = RHMyMessage;
			sourceTree = "<group>";
		};
		A2684A952005F81400EC8339 /* RHMyHelp */ = {
			isa = PBXGroup;
			children = (
			);
			path = RHMyHelp;
			sourceTree = "<group>";
		};
		A2684A962005F83C00EC8339 /* RHMyMarket */ = {
			isa = PBXGroup;
			children = (
			);
			path = RHMyMarket;
			sourceTree = "<group>";
		};
		A2EB2D1E1FE20FCB00B87825 = {
			isa = PBXGroup;
			children = (
				A2112F0F1FE24BD600891A99 /* TheHelpSDK */,
				A2EB2D291FE20FCB00B87825 /* DinQinChuanGan */,
				A2EB2D281FE20FCB00B87825 /* Products */,
				5E70592F1314D824114615E7 /* Pods */,
				1F0B5BD46A61074C8B91DA8F /* Frameworks */,
			);
			sourceTree = "<group>";
		};
		A2EB2D281FE20FCB00B87825 /* Products */ = {
			isa = PBXGroup;
			children = (
				A2EB2D271FE20FCB00B87825 /* DinQinChuanGan.app */,
			);
			name = Products;
			sourceTree = "<group>";
		};
		A2EB2D291FE20FCB00B87825 /* DinQinChuanGan */ = {
			isa = PBXGroup;
			children = (
				A24990271FE911CF004B046F /* Header.h */,
				A24990261FE8EC8C004B046F /* AppDelegate */,
				A24990241FE8EC68004B046F /* Shuju */,
				A24990251FE8EC77004B046F /* Automate */,
				A24990231FE8EBF2004B046F /* Control */,
				A2EB2D301FE20FCB00B87825 /* Main.storyboard */,
				A2EB2D351FE20FCB00B87825 /* LaunchScreen.storyboard */,
				A2EB2D381FE20FCB00B87825 /* Info.plist */,
				A2BBDF591FF3985F00CCE9DF /* cat.jpg */,
				A20E04AE2021B2F9000AB27A /* bacimage.jpeg */,
				A20E04AF2021B2F9000AB27A /* one.jpeg */,
				A20E04AD2021B2F9000AB27A /* three.jpeg */,
				A20E04B02021B2FA000AB27A /* two.jpeg */,
				A2EB2D331FE20FCB00B87825 /* Assets.xcassets */,
				A2EB2D391FE20FCB00B87825 /* main.m */,
			);
			path = DinQinChuanGan;
			sourceTree = "<group>";
		};
/* End PBXGroup section */

/* Begin PBXNativeTarget section */
		A2EB2D261FE20FCB00B87825 /* DinQinChuanGan */ = {
			isa = PBXNativeTarget;
			buildConfigurationList = A2EB2D3D1FE20FCB00B87825 /* Build configuration list for PBXNativeTarget "DinQinChuanGan" */;
			buildPhases = (
				CFB817C19E21E6775C1B3EFF /* [CP] Check Pods Manifest.lock */,
				A2EB2D231FE20FCB00B87825 /* Sources */,
				A2EB2D241FE20FCB00B87825 /* Frameworks */,
				A2EB2D251FE20FCB00B87825 /* Resources */,
				DA59AD80EEA05D9DB711C492 /* [CP] Embed Pods Frameworks */,
				769094E1FD3FE77561AB6417 /* [CP] Copy Pods Resources */,
			);
			buildRules = (
			);
			dependencies = (
			);
			name = DinQinChuanGan;
			productName = DinQinChuanGan;
			productReference = A2EB2D271FE20FCB00B87825 /* DinQinChuanGan.app */;
			productType = "com.apple.product-type.application";
		};
/* End PBXNativeTarget section */

/* Begin PBXProject section */
		A2EB2D1F1FE20FCB00B87825 /* Project object */ = {
			isa = PBXProject;
			attributes = {
				LastUpgradeCheck = 0920;
				ORGANIZATIONNAME = DST;
				TargetAttributes = {
					A2EB2D261FE20FCB00B87825 = {
						CreatedOnToolsVersion = 9.2;
						ProvisioningStyle = Automatic;
					};
				};
			};
			buildConfigurationList = A2EB2D221FE20FCB00B87825 /* Build configuration list for PBXProject "DinQinChuanGan" */;
			compatibilityVersion = "Xcode 8.0";
			developmentRegion = en;
			hasScannedForEncodings = 0;
			knownRegions = (
				en,
				Base,
			);
			mainGroup = A2EB2D1E1FE20FCB00B87825;
			productRefGroup = A2EB2D281FE20FCB00B87825 /* Products */;
			projectDirPath = "";
			projectRoot = "";
			targets = (
				A2EB2D261FE20FCB00B87825 /* DinQinChuanGan */,
			);
		};
/* End PBXProject section */

/* Begin PBXResourcesBuildPhase section */
		A2EB2D251FE20FCB00B87825 /* Resources */ = {
			isa = PBXResourcesBuildPhase;
			buildActionMask = 2147483647;
			files = (
				A2EB2D371FE20FCB00B87825 /* LaunchScreen.storyboard in Resources */,
				A2EB2D341FE20FCB00B87825 /* Assets.xcassets in Resources */,
				A2BBDF5A1FF3985F00CCE9DF /* cat.jpg in Resources */,
				A2EB2D321FE20FCB00B87825 /* Main.storyboard in Resources */,
				A20E04B22021B2FA000AB27A /* bacimage.jpeg in Resources */,
				A20E04B32021B2FA000AB27A /* one.jpeg in Resources */,
				A20E04B42021B2FA000AB27A /* two.jpeg in Resources */,
				A20E04B12021B2FA000AB27A /* three.jpeg in Resources */,
			);
			runOnlyForDeploymentPostprocessing = 0;
		};
/* End PBXResourcesBuildPhase section */

/* Begin PBXShellScriptBuildPhase section */
		769094E1FD3FE77561AB6417 /* [CP] Copy Pods Resources */ = {
			isa = PBXShellScriptBuildPhase;
			buildActionMask = 2147483647;
			files = (
			);
			inputPaths = (
				"${SRCROOT}/Pods/Target Support Files/Pods-DinQinChuanGan/Pods-DinQinChuanGan-resources.sh",
				"${PODS_ROOT}/MJRefresh/MJRefresh/MJRefresh.bundle",
			);
			name = "[CP] Copy Pods Resources";
			outputPaths = (
				"${TARGET_BUILD_DIR}/${UNLOCALIZED_RESOURCES_FOLDER_PATH}",
			);
			runOnlyForDeploymentPostprocessing = 0;
			shellPath = /bin/sh;
			shellScript = "\"${SRCROOT}/Pods/Target Support Files/Pods-DinQinChuanGan/Pods-DinQinChuanGan-resources.sh\"\n";
			showEnvVarsInLog = 0;
		};
		CFB817C19E21E6775C1B3EFF /* [CP] Check Pods Manifest.lock */ = {
			isa = PBXShellScriptBuildPhase;
			buildActionMask = 2147483647;
			files = (
			);
			inputPaths = (
				"${PODS_PODFILE_DIR_PATH}/Podfile.lock",
				"${PODS_ROOT}/Manifest.lock",
			);
			name = "[CP] Check Pods Manifest.lock";
			outputPaths = (
				"$(DERIVED_FILE_DIR)/Pods-DinQinChuanGan-checkManifestLockResult.txt",
			);
			runOnlyForDeploymentPostprocessing = 0;
			shellPath = /bin/sh;
			shellScript = "diff \"${PODS_PODFILE_DIR_PATH}/Podfile.lock\" \"${PODS_ROOT}/Manifest.lock\" > /dev/null\nif [ $? != 0 ] ; then\n    # print error to STDERR\n    echo \"error: The sandbox is not in sync with the Podfile.lock. Run 'pod install' or update your CocoaPods installation.\" >&2\n    exit 1\nfi\n# This output is used by Xcode 'outputs' to avoid re-running this script phase.\necho \"SUCCESS\" > \"${SCRIPT_OUTPUT_FILE_0}\"\n";
			showEnvVarsInLog = 0;
		};
		DA59AD80EEA05D9DB711C492 /* [CP] Embed Pods Frameworks */ = {
			isa = PBXShellScriptBuildPhase;
			buildActionMask = 2147483647;
			files = (
			);
			inputPaths = (
			);
			name = "[CP] Embed Pods Frameworks";
			outputPaths = (
			);
			runOnlyForDeploymentPostprocessing = 0;
			shellPath = /bin/sh;
			shellScript = "\"${SRCROOT}/Pods/Target Support Files/Pods-DinQinChuanGan/Pods-DinQinChuanGan-frameworks.sh\"\n";
			showEnvVarsInLog = 0;
		};
/* End PBXShellScriptBuildPhase section */

/* Begin PBXSourcesBuildPhase section */
		A2EB2D231FE20FCB00B87825 /* Sources */ = {
			isa = PBXSourcesBuildPhase;
			buildActionMask = 2147483647;
			files = (
				A24990221FE8EBB9004B046F /* ControlTableViewCell.m in Sources */,
				A2EB2D2F1FE20FCB00B87825 /* ShujuViewController.m in Sources */,
				A2EAA5452057B4DB00E7C89F /* RHMoveToViewController.m in Sources */,
				A2D06E341FFC74EF004FB3E4 /* RHBindAccViewController.m in Sources */,
				A2EB2D3A1FE20FCB00B87825 /* main.m in Sources */,
				A22F8C9620119BA3008CC997 /* RHPlaceMessageViewController.m in Sources */,
				A25732ED202010AF00C9CC6D /* RHAddAreaViewController.m in Sources */,
				A2C45B762024660B00387B6D /* RHDfaultImageViewController.m in Sources */,
				A222B09420524DB600B0DB6E /* RHJudgeMethod.m in Sources */,
				A212BDD420085A9000C3941B /* RHAddPlaceViewController.m in Sources */,
				A2112FA61FE27B5A00891A99 /* AutomateViewController.m in Sources */,
				A262ECB91FE7C47B00B55454 /* WRCustomNavigationBar.m in Sources */,
				A2ABF554204E87C100CCA981 /* RHForgotPWViewController.m in Sources */,
				A2E3D1C520076F260076D624 /* RHMyEquipmentViewController.m in Sources */,
				A2EB2D2C1FE20FCB00B87825 /* AppDelegate.m in Sources */,
				A2ABF551204E785800CCA981 /* RHEquipStandardViewController.m in Sources */,
				A25D34DE1FEB60CC00CED82A /* ControlCollectionViewCell.m in Sources */,
				A2CEDC031FFF669D009A9CF9 /* RHAmendPassWViewController.m in Sources */,
				A262ECB81FE7C47B00B55454 /* WRNavigationBar.m in Sources */,
				A243B3D92050CD6B00975E86 /* RHAccountBDViewController.m in Sources */,
				A26DD0A22059128000AEF439 /* RHEquipMentTableViewCell.m in Sources */,
				A222B09720526D7800B0DB6E /* RHAccConViewController.m in Sources */,
				A21EA84B1FFDCD2C00AC1C8B /* RHProveViewController.m in Sources */,
				A243B3DF2050DDCD00975E86 /* RHAccountBTableViewCell.m in Sources */,
				A2E3D1C220074E180076D624 /* RHMyAreaViewController.m in Sources */,
				A263CA28204F8A7D00046CF6 /* RHChangePWViewController.m in Sources */,
				A236EA361FF4BC8100063DFC /* RHSignInViewController.m in Sources */,
				A25DC9F62049255A002504B0 /* RHEquipMessageViewController.m in Sources */,
				A2601C3F2056275500169306 /* RHBandEmilViewController.m in Sources */,
				A2112FA91FE27B6A00891A99 /* RHControlViewController.m in Sources */,
				A20E04A22021A5C5000AB27A /* RHChoosePicViewController.m in Sources */,
				A2684A992005FABA00EC8339 /* RHMyPlaceViewController.m in Sources */,
				A23ECB0E2022B22200FA6797 /* RHAreaContentViewController.m in Sources */,
				A2BB686C1FF242B100EB2246 /* RHRightBarButtonItemViewController.m in Sources */,
				A2E3D1C820076F400076D624 /* RHMyWarningViewController.m in Sources */,
			);
			runOnlyForDeploymentPostprocessing = 0;
		};
/* End PBXSourcesBuildPhase section */

/* Begin PBXVariantGroup section */
		A2EB2D301FE20FCB00B87825 /* Main.storyboard */ = {
			isa = PBXVariantGroup;
			children = (
				A2EB2D311FE20FCB00B87825 /* Base */,
			);
			name = Main.storyboard;
			sourceTree = "<group>";
		};
		A2EB2D351FE20FCB00B87825 /* LaunchScreen.storyboard */ = {
			isa = PBXVariantGroup;
			children = (
				A2EB2D361FE20FCB00B87825 /* Base */,
			);
			name = LaunchScreen.storyboard;
			sourceTree = "<group>";
		};
/* End PBXVariantGroup section */

/* Begin XCBuildConfiguration section */
		A2EB2D3B1FE20FCB00B87825 /* Debug */ = {
			isa = XCBuildConfiguration;
			buildSettings = {
				ALWAYS_SEARCH_USER_PATHS = NO;
				CLANG_ANALYZER_NONNULL = YES;
				CLANG_ANALYZER_NUMBER_OBJECT_CONVERSION = YES_AGGRESSIVE;
				CLANG_CXX_LANGUAGE_STANDARD = "gnu++14";
				CLANG_CXX_LIBRARY = "libc++";
				CLANG_ENABLE_MODULES = YES;
				CLANG_ENABLE_OBJC_ARC = YES;
				CLANG_WARN_BLOCK_CAPTURE_AUTORELEASING = YES;
				CLANG_WARN_BOOL_CONVERSION = YES;
				CLANG_WARN_COMMA = YES;
				CLANG_WARN_CONSTANT_CONVERSION = YES;
				CLANG_WARN_DIRECT_OBJC_ISA_USAGE = YES_ERROR;
				CLANG_WARN_DOCUMENTATION_COMMENTS = YES;
				CLANG_WARN_EMPTY_BODY = YES;
				CLANG_WARN_ENUM_CONVERSION = YES;
				CLANG_WARN_INFINITE_RECURSION = YES;
				CLANG_WARN_INT_CONVERSION = YES;
				CLANG_WARN_NON_LITERAL_NULL_CONVERSION = YES;
				CLANG_WARN_OBJC_LITERAL_CONVERSION = YES;
				CLANG_WARN_OBJC_ROOT_CLASS = YES_ERROR;
				CLANG_WARN_RANGE_LOOP_ANALYSIS = YES;
				CLANG_WARN_STRICT_PROTOTYPES = YES;
				CLANG_WARN_SUSPICIOUS_MOVE = YES;
				CLANG_WARN_UNGUARDED_AVAILABILITY = YES_AGGRESSIVE;
				CLANG_WARN_UNREACHABLE_CODE = YES;
				CLANG_WARN__DUPLICATE_METHOD_MATCH = YES;
				CODE_SIGN_IDENTITY = "iPhone Developer";
				COPY_PHASE_STRIP = NO;
				DEBUG_INFORMATION_FORMAT = dwarf;
				ENABLE_STRICT_OBJC_MSGSEND = YES;
				ENABLE_TESTABILITY = YES;
				GCC_C_LANGUAGE_STANDARD = gnu11;
				GCC_DYNAMIC_NO_PIC = NO;
				GCC_NO_COMMON_BLOCKS = YES;
				GCC_OPTIMIZATION_LEVEL = 0;
				GCC_PREPROCESSOR_DEFINITIONS = (
					"DEBUG=1",
					"$(inherited)",
				);
				GCC_WARN_64_TO_32_BIT_CONVERSION = YES;
				GCC_WARN_ABOUT_RETURN_TYPE = YES_ERROR;
				GCC_WARN_UNDECLARED_SELECTOR = YES;
				GCC_WARN_UNINITIALIZED_AUTOS = YES_AGGRESSIVE;
				GCC_WARN_UNUSED_FUNCTION = YES;
				GCC_WARN_UNUSED_VARIABLE = YES;
				IPHONEOS_DEPLOYMENT_TARGET = 11.2;
				MTL_ENABLE_DEBUG_INFO = YES;
				ONLY_ACTIVE_ARCH = YES;
				SDKROOT = iphoneos;
			};
			name = Debug;
		};
		A2EB2D3C1FE20FCB00B87825 /* Release */ = {
			isa = XCBuildConfiguration;
			buildSettings = {
				ALWAYS_SEARCH_USER_PATHS = NO;
				CLANG_ANALYZER_NONNULL = YES;
				CLANG_ANALYZER_NUMBER_OBJECT_CONVERSION = YES_AGGRESSIVE;
				CLANG_CXX_LANGUAGE_STANDARD = "gnu++14";
				CLANG_CXX_LIBRARY = "libc++";
				CLANG_ENABLE_MODULES = YES;
				CLANG_ENABLE_OBJC_ARC = YES;
				CLANG_WARN_BLOCK_CAPTURE_AUTORELEASING = YES;
				CLANG_WARN_BOOL_CONVERSION = YES;
				CLANG_WARN_COMMA = YES;
				CLANG_WARN_CONSTANT_CONVERSION = YES;
				CLANG_WARN_DIRECT_OBJC_ISA_USAGE = YES_ERROR;
				CLANG_WARN_DOCUMENTATION_COMMENTS = YES;
				CLANG_WARN_EMPTY_BODY = YES;
				CLANG_WARN_ENUM_CONVERSION = YES;
				CLANG_WARN_INFINITE_RECURSION = YES;
				CLANG_WARN_INT_CONVERSION = YES;
				CLANG_WARN_NON_LITERAL_NULL_CONVERSION = YES;
				CLANG_WARN_OBJC_LITERAL_CONVERSION = YES;
				CLANG_WARN_OBJC_ROOT_CLASS = YES_ERROR;
				CLANG_WARN_RANGE_LOOP_ANALYSIS = YES;
				CLANG_WARN_STRICT_PROTOTYPES = YES;
				CLANG_WARN_SUSPICIOUS_MOVE = YES;
				CLANG_WARN_UNGUARDED_AVAILABILITY = YES_AGGRESSIVE;
				CLANG_WARN_UNREACHABLE_CODE = YES;
				CLANG_WARN__DUPLICATE_METHOD_MATCH = YES;
				CODE_SIGN_IDENTITY = "iPhone Developer";
				COPY_PHASE_STRIP = NO;
				DEBUG_INFORMATION_FORMAT = "dwarf-with-dsym";
				ENABLE_NS_ASSERTIONS = NO;
				ENABLE_STRICT_OBJC_MSGSEND = YES;
				GCC_C_LANGUAGE_STANDARD = gnu11;
				GCC_NO_COMMON_BLOCKS = YES;
				GCC_WARN_64_TO_32_BIT_CONVERSION = YES;
				GCC_WARN_ABOUT_RETURN_TYPE = YES_ERROR;
				GCC_WARN_UNDECLARED_SELECTOR = YES;
				GCC_WARN_UNINITIALIZED_AUTOS = YES_AGGRESSIVE;
				GCC_WARN_UNUSED_FUNCTION = YES;
				GCC_WARN_UNUSED_VARIABLE = YES;
				IPHONEOS_DEPLOYMENT_TARGET = 11.2;
				MTL_ENABLE_DEBUG_INFO = NO;
				SDKROOT = iphoneos;
				VALIDATE_PRODUCT = YES;
			};
			name = Release;
		};
		A2EB2D3E1FE20FCB00B87825 /* Debug */ = {
			isa = XCBuildConfiguration;
			baseConfigurationReference = DF35EC4D0E54DC8EDEFE12CE /* Pods-DinQinChuanGan.debug.xcconfig */;
			buildSettings = {
				ASSETCATALOG_COMPILER_APPICON_NAME = AppIcon;
				CODE_SIGN_STYLE = Automatic;
				DEVELOPMENT_TEAM = 83AC958D2B;
				INFOPLIST_FILE = DinQinChuanGan/Info.plist;
				IPHONEOS_DEPLOYMENT_TARGET = 10.2;
				LD_RUNPATH_SEARCH_PATHS = "$(inherited) @executable_path/Frameworks";
				PRODUCT_BUNDLE_IDENTIFIER = iOS.DinQinChuanGan;
				PRODUCT_NAME = "$(TARGET_NAME)";
				TARGETED_DEVICE_FAMILY = "1,2";
				USER_HEADER_SEARCH_PATHS = "${SRCROOT}/**";
			};
			name = Debug;
		};
		A2EB2D3F1FE20FCB00B87825 /* Release */ = {
			isa = XCBuildConfiguration;
			baseConfigurationReference = EF90125198D4604D8FE41545 /* Pods-DinQinChuanGan.release.xcconfig */;
			buildSettings = {
				ASSETCATALOG_COMPILER_APPICON_NAME = AppIcon;
				CODE_SIGN_STYLE = Automatic;
				DEVELOPMENT_TEAM = 83AC958D2B;
				INFOPLIST_FILE = DinQinChuanGan/Info.plist;
				IPHONEOS_DEPLOYMENT_TARGET = 10.2;
				LD_RUNPATH_SEARCH_PATHS = "$(inherited) @executable_path/Frameworks";
				PRODUCT_BUNDLE_IDENTIFIER = iOS.DinQinChuanGan;
				PRODUCT_NAME = "$(TARGET_NAME)";
				TARGETED_DEVICE_FAMILY = "1,2";
				USER_HEADER_SEARCH_PATHS = "${SRCROOT}/**";
			};
			name = Release;
		};
/* End XCBuildConfiguration section */

/* Begin XCConfigurationList section */
		A2EB2D221FE20FCB00B87825 /* Build configuration list for PBXProject "DinQinChuanGan" */ = {
			isa = XCConfigurationList;
			buildConfigurations = (
				A2EB2D3B1FE20FCB00B87825 /* Debug */,
				A2EB2D3C1FE20FCB00B87825 /* Release */,
			);
			defaultConfigurationIsVisible = 0;
			defaultConfigurationName = Release;
		};
		A2EB2D3D1FE20FCB00B87825 /* Build configuration list for PBXNativeTarget "DinQinChuanGan" */ = {
			isa = XCConfigurationList;
			buildConfigurations = (
				A2EB2D3E1FE20FCB00B87825 /* Debug */,
				A2EB2D3F1FE20FCB00B87825 /* Release */,
			);
			defaultConfigurationIsVisible = 0;
			defaultConfigurationName = Release;
		};
/* End XCConfigurationList section */
	};
	rootObject = A2EB2D1F1FE20FCB00B87825 /* Project object */;
}
